// !$*UTF8*$!
{
	archiveVersion = 1;
	classes = {
	};
	objectVersion = 56;
	objects = {

/* Begin PBXBuildFile section */
		6B5B724F2AC35FD000C071F1 /* MenuBarView.swift in Sources */ = {isa = PBXBuildFile; fileRef = 6B5B724E2AC35FD000C071F1 /* MenuBarView.swift */; };
		6B5B72532AC3852300C071F1 /* NotionAPI.swift in Sources */ = {isa = PBXBuildFile; fileRef = 6B5B72522AC3852300C071F1 /* NotionAPI.swift */; };
		6B5B72552AC3854100C071F1 /* NotionController.swift in Sources */ = {isa = PBXBuildFile; fileRef = 6B5B72542AC3854100C071F1 /* NotionController.swift */; };
		6B5B72582AC42C7700C071F1 /* TaskStructure.swift in Sources */ = {isa = PBXBuildFile; fileRef = 6B5B72572AC42C7700C071F1 /* TaskStructure.swift */; };
		6B6C58342AC9CE090004135B /* MenuBarExtraAccess in Frameworks */ = {isa = PBXBuildFile; productRef = 6B6C58332AC9CE090004135B /* MenuBarExtraAccess */; };
		6B6C583C2AC9EB5E0004135B /* jOSApp.swift in Sources */ = {isa = PBXBuildFile; fileRef = 6B6C583B2AC9EB5E0004135B /* jOSApp.swift */; };
		6B6C583E2AC9EB5E0004135B /* ContentView.swift in Sources */ = {isa = PBXBuildFile; fileRef = 6B6C583D2AC9EB5E0004135B /* ContentView.swift */; };
		6B6C58402AC9EB600004135B /* Assets.xcassets in Resources */ = {isa = PBXBuildFile; fileRef = 6B6C583F2AC9EB600004135B /* Assets.xcassets */; };
		6B6C58432AC9EB600004135B /* Preview Assets.xcassets in Resources */ = {isa = PBXBuildFile; fileRef = 6B6C58422AC9EB600004135B /* Preview Assets.xcassets */; };
		6B6C584D2AC9EB600004135B /* jOSTests.swift in Sources */ = {isa = PBXBuildFile; fileRef = 6B6C584C2AC9EB600004135B /* jOSTests.swift */; };
		6B6C58572AC9EB610004135B /* jOSUITests.swift in Sources */ = {isa = PBXBuildFile; fileRef = 6B6C58562AC9EB610004135B /* jOSUITests.swift */; };
		6B6C58592AC9EB610004135B /* jOSUITestsLaunchTests.swift in Sources */ = {isa = PBXBuildFile; fileRef = 6B6C58582AC9EB610004135B /* jOSUITestsLaunchTests.swift */; };
		6B6C58632AC9EE8B0004135B /* NotionController.swift in Sources */ = {isa = PBXBuildFile; fileRef = 6B5B72542AC3854100C071F1 /* NotionController.swift */; };
		6B6C58652AC9EE960004135B /* MenuBarView.swift in Sources */ = {isa = PBXBuildFile; fileRef = 6B5B724E2AC35FD000C071F1 /* MenuBarView.swift */; };
		6B6C58672AC9EF400004135B /* MenuBarExtraAccess in Frameworks */ = {isa = PBXBuildFile; productRef = 6B6C58662AC9EF400004135B /* MenuBarExtraAccess */; };
		6B6C58692AC9EF4D0004135B /* SwiftyJSON in Frameworks */ = {isa = PBXBuildFile; productRef = 6B6C58682AC9EF4D0004135B /* SwiftyJSON */; };
		6B6C586B2AC9EF5A0004135B /* Alamofire in Frameworks */ = {isa = PBXBuildFile; productRef = 6B6C586A2AC9EF5A0004135B /* Alamofire */; };
		6B6C586C2AC9F1240004135B /* TaskStructure.swift in Sources */ = {isa = PBXBuildFile; fileRef = 6B5B72572AC42C7700C071F1 /* TaskStructure.swift */; };
		6B6C586E2AC9F38D0004135B /* KeychainSwift in Frameworks */ = {isa = PBXBuildFile; productRef = 6B6C586D2AC9F38D0004135B /* KeychainSwift */; };
		6B6C586F2AC9F3B30004135B /* GlobalSettings.swift in Sources */ = {isa = PBXBuildFile; fileRef = 6BC2DB8D2AC0A80700E8A828 /* GlobalSettings.swift */; };
		6B6C58702AC9F3B30004135B /* KeychainHelper.swift in Sources */ = {isa = PBXBuildFile; fileRef = E77CD0372AC07F70005CD02F /* KeychainHelper.swift */; };
		6B6C58712AC9F3C80004135B /* NotionAPI.swift in Sources */ = {isa = PBXBuildFile; fileRef = 6B5B72522AC3852300C071F1 /* NotionAPI.swift */; };
		6B6C58722AC9F3E70004135B /* TimeEntry.swift in Sources */ = {isa = PBXBuildFile; fileRef = 6BC2DB8F2AC0B85700E8A828 /* TimeEntry.swift */; };
		6B6C58742AC9F6150004135B /* PrefrencesView.swift in Sources */ = {isa = PBXBuildFile; fileRef = E77CD02E2AC06C06005CD02F /* PrefrencesView.swift */; };
		6B6C58772ACA00360004135B /* notion-timetracking.app in Resources */ = {isa = PBXBuildFile; fileRef = E77CCFF92AC04893005CD02F /* notion-timetracking.app */; platformFilters = (maccatalyst, macos, ); };
		6BC2DB892AC0A68C00E8A828 /* Alamofire in Frameworks */ = {isa = PBXBuildFile; productRef = 6BC2DB882AC0A68C00E8A828 /* Alamofire */; };
		6BC2DB8C2AC0A6E400E8A828 /* SwiftyJSON in Frameworks */ = {isa = PBXBuildFile; productRef = 6BC2DB8B2AC0A6E400E8A828 /* SwiftyJSON */; };
		6BC2DB8E2AC0A80700E8A828 /* GlobalSettings.swift in Sources */ = {isa = PBXBuildFile; fileRef = 6BC2DB8D2AC0A80700E8A828 /* GlobalSettings.swift */; };
		6BC2DB902AC0B85700E8A828 /* TimeEntry.swift in Sources */ = {isa = PBXBuildFile; fileRef = 6BC2DB8F2AC0B85700E8A828 /* TimeEntry.swift */; };
		E77CCFFD2AC04893005CD02F /* App.swift in Sources */ = {isa = PBXBuildFile; fileRef = E77CCFFC2AC04893005CD02F /* App.swift */; };
		E77CCFFF2AC04893005CD02F /* MainView.swift in Sources */ = {isa = PBXBuildFile; fileRef = E77CCFFE2AC04893005CD02F /* MainView.swift */; };
		E77CD0012AC04899005CD02F /* Assets.xcassets in Resources */ = {isa = PBXBuildFile; fileRef = E77CD0002AC04899005CD02F /* Assets.xcassets */; };
		E77CD0052AC04899005CD02F /* Preview Assets.xcassets in Resources */ = {isa = PBXBuildFile; fileRef = E77CD0042AC04899005CD02F /* Preview Assets.xcassets */; };
		E77CD00F2AC04899005CD02F /* notion_timetrackingTests.swift in Sources */ = {isa = PBXBuildFile; fileRef = E77CD00E2AC04899005CD02F /* notion_timetrackingTests.swift */; };
		E77CD0192AC04899005CD02F /* notion_timetrackingUITests.swift in Sources */ = {isa = PBXBuildFile; fileRef = E77CD0182AC04899005CD02F /* notion_timetrackingUITests.swift */; };
		E77CD01B2AC04899005CD02F /* notion_timetrackingUITestsLaunchTests.swift in Sources */ = {isa = PBXBuildFile; fileRef = E77CD01A2AC04899005CD02F /* notion_timetrackingUITestsLaunchTests.swift */; };
		E77CD02D2AC0552B005CD02F /* LaunchAtLogin in Frameworks */ = {isa = PBXBuildFile; productRef = E77CD02C2AC0552B005CD02F /* LaunchAtLogin */; };
		E77CD02F2AC06C06005CD02F /* PrefrencesView.swift in Sources */ = {isa = PBXBuildFile; fileRef = E77CD02E2AC06C06005CD02F /* PrefrencesView.swift */; };
		E77CD0342AC06F64005CD02F /* KeychainSwift in Frameworks */ = {isa = PBXBuildFile; productRef = E77CD0332AC06F64005CD02F /* KeychainSwift */; };
		E77CD0382AC07F70005CD02F /* KeychainHelper.swift in Sources */ = {isa = PBXBuildFile; fileRef = E77CD0372AC07F70005CD02F /* KeychainHelper.swift */; };
/* End PBXBuildFile section */

/* Begin PBXContainerItemProxy section */
		6B6C58492AC9EB600004135B /* PBXContainerItemProxy */ = {
			isa = PBXContainerItemProxy;
			containerPortal = E77CCFF12AC04893005CD02F /* Project object */;
			proxyType = 1;
			remoteGlobalIDString = 6B6C58382AC9EB5D0004135B;
			remoteInfo = jOS;
		};
		6B6C58532AC9EB610004135B /* PBXContainerItemProxy */ = {
			isa = PBXContainerItemProxy;
			containerPortal = E77CCFF12AC04893005CD02F /* Project object */;
			proxyType = 1;
			remoteGlobalIDString = 6B6C58382AC9EB5D0004135B;
			remoteInfo = jOS;
		};
		6B6C58782ACA00360004135B /* PBXContainerItemProxy */ = {
			isa = PBXContainerItemProxy;
			containerPortal = E77CCFF12AC04893005CD02F /* Project object */;
			proxyType = 1;
			remoteGlobalIDString = E77CCFF82AC04893005CD02F;
			remoteInfo = "notion-timetracking";
		};
		E77CD00B2AC04899005CD02F /* PBXContainerItemProxy */ = {
			isa = PBXContainerItemProxy;
			containerPortal = E77CCFF12AC04893005CD02F /* Project object */;
			proxyType = 1;
			remoteGlobalIDString = E77CCFF82AC04893005CD02F;
			remoteInfo = "notion-timetracking";
		};
		E77CD0152AC04899005CD02F /* PBXContainerItemProxy */ = {
			isa = PBXContainerItemProxy;
			containerPortal = E77CCFF12AC04893005CD02F /* Project object */;
			proxyType = 1;
			remoteGlobalIDString = E77CCFF82AC04893005CD02F;
			remoteInfo = "notion-timetracking";
		};
/* End PBXContainerItemProxy section */

/* Begin PBXFileReference section */
		6B5B724E2AC35FD000C071F1 /* MenuBarView.swift */ = {isa = PBXFileReference; fileEncoding = 4; lastKnownFileType = sourcecode.swift; path = MenuBarView.swift; sourceTree = "<group>"; };
		6B5B72522AC3852300C071F1 /* NotionAPI.swift */ = {isa = PBXFileReference; lastKnownFileType = sourcecode.swift; path = NotionAPI.swift; sourceTree = "<group>"; };
		6B5B72542AC3854100C071F1 /* NotionController.swift */ = {isa = PBXFileReference; lastKnownFileType = sourcecode.swift; path = NotionController.swift; sourceTree = "<group>"; };
		6B5B72572AC42C7700C071F1 /* TaskStructure.swift */ = {isa = PBXFileReference; lastKnownFileType = sourcecode.swift; path = TaskStructure.swift; sourceTree = "<group>"; };
		6B6C58392AC9EB5D0004135B /* jOS.app */ = {isa = PBXFileReference; explicitFileType = wrapper.application; includeInIndex = 0; path = jOS.app; sourceTree = BUILT_PRODUCTS_DIR; };
		6B6C583B2AC9EB5E0004135B /* jOSApp.swift */ = {isa = PBXFileReference; lastKnownFileType = sourcecode.swift; path = jOSApp.swift; sourceTree = "<group>"; };
		6B6C583D2AC9EB5E0004135B /* ContentView.swift */ = {isa = PBXFileReference; lastKnownFileType = sourcecode.swift; path = ContentView.swift; sourceTree = "<group>"; };
		6B6C583F2AC9EB600004135B /* Assets.xcassets */ = {isa = PBXFileReference; lastKnownFileType = folder.assetcatalog; path = Assets.xcassets; sourceTree = "<group>"; };
		6B6C58422AC9EB600004135B /* Preview Assets.xcassets */ = {isa = PBXFileReference; lastKnownFileType = folder.assetcatalog; path = "Preview Assets.xcassets"; sourceTree = "<group>"; };
		6B6C58482AC9EB600004135B /* jOSTests.xctest */ = {isa = PBXFileReference; explicitFileType = wrapper.cfbundle; includeInIndex = 0; path = jOSTests.xctest; sourceTree = BUILT_PRODUCTS_DIR; };
		6B6C584C2AC9EB600004135B /* jOSTests.swift */ = {isa = PBXFileReference; lastKnownFileType = sourcecode.swift; path = jOSTests.swift; sourceTree = "<group>"; };
		6B6C58522AC9EB600004135B /* jOSUITests.xctest */ = {isa = PBXFileReference; explicitFileType = wrapper.cfbundle; includeInIndex = 0; path = jOSUITests.xctest; sourceTree = BUILT_PRODUCTS_DIR; };
		6B6C58562AC9EB610004135B /* jOSUITests.swift */ = {isa = PBXFileReference; lastKnownFileType = sourcecode.swift; path = jOSUITests.swift; sourceTree = "<group>"; };
		6B6C58582AC9EB610004135B /* jOSUITestsLaunchTests.swift */ = {isa = PBXFileReference; lastKnownFileType = sourcecode.swift; path = jOSUITestsLaunchTests.swift; sourceTree = "<group>"; };
		6B6C58732AC9F5B10004135B /* jOS.entitlements */ = {isa = PBXFileReference; lastKnownFileType = text.plist.entitlements; path = jOS.entitlements; sourceTree = "<group>"; };
		6BC2DB8D2AC0A80700E8A828 /* GlobalSettings.swift */ = {isa = PBXFileReference; lastKnownFileType = sourcecode.swift; path = GlobalSettings.swift; sourceTree = "<group>"; };
		6BC2DB8F2AC0B85700E8A828 /* TimeEntry.swift */ = {isa = PBXFileReference; lastKnownFileType = sourcecode.swift; path = TimeEntry.swift; sourceTree = "<group>"; };
		E77CCFF92AC04893005CD02F /* notion-timetracking.app */ = {isa = PBXFileReference; explicitFileType = wrapper.application; includeInIndex = 0; path = "notion-timetracking.app"; sourceTree = BUILT_PRODUCTS_DIR; };
		E77CCFFC2AC04893005CD02F /* App.swift */ = {isa = PBXFileReference; lastKnownFileType = sourcecode.swift; path = App.swift; sourceTree = "<group>"; };
		E77CCFFE2AC04893005CD02F /* MainView.swift */ = {isa = PBXFileReference; lastKnownFileType = sourcecode.swift; path = MainView.swift; sourceTree = "<group>"; };
		E77CD0002AC04899005CD02F /* Assets.xcassets */ = {isa = PBXFileReference; lastKnownFileType = folder.assetcatalog; path = Assets.xcassets; sourceTree = "<group>"; };
		E77CD0022AC04899005CD02F /* notion_timetracking.entitlements */ = {isa = PBXFileReference; lastKnownFileType = text.plist.entitlements; path = notion_timetracking.entitlements; sourceTree = "<group>"; };
		E77CD0042AC04899005CD02F /* Preview Assets.xcassets */ = {isa = PBXFileReference; lastKnownFileType = folder.assetcatalog; path = "Preview Assets.xcassets"; sourceTree = "<group>"; };
		E77CD00A2AC04899005CD02F /* notion-timetrackingTests.xctest */ = {isa = PBXFileReference; explicitFileType = wrapper.cfbundle; includeInIndex = 0; path = "notion-timetrackingTests.xctest"; sourceTree = BUILT_PRODUCTS_DIR; };
		E77CD00E2AC04899005CD02F /* notion_timetrackingTests.swift */ = {isa = PBXFileReference; lastKnownFileType = sourcecode.swift; path = notion_timetrackingTests.swift; sourceTree = "<group>"; };
		E77CD0142AC04899005CD02F /* notion-timetrackingUITests.xctest */ = {isa = PBXFileReference; explicitFileType = wrapper.cfbundle; includeInIndex = 0; path = "notion-timetrackingUITests.xctest"; sourceTree = BUILT_PRODUCTS_DIR; };
		E77CD0182AC04899005CD02F /* notion_timetrackingUITests.swift */ = {isa = PBXFileReference; lastKnownFileType = sourcecode.swift; path = notion_timetrackingUITests.swift; sourceTree = "<group>"; };
		E77CD01A2AC04899005CD02F /* notion_timetrackingUITestsLaunchTests.swift */ = {isa = PBXFileReference; lastKnownFileType = sourcecode.swift; path = notion_timetrackingUITestsLaunchTests.swift; sourceTree = "<group>"; };
		E77CD02E2AC06C06005CD02F /* PrefrencesView.swift */ = {isa = PBXFileReference; lastKnownFileType = sourcecode.swift; path = PrefrencesView.swift; sourceTree = "<group>"; };
		E77CD0372AC07F70005CD02F /* KeychainHelper.swift */ = {isa = PBXFileReference; lastKnownFileType = sourcecode.swift; path = KeychainHelper.swift; sourceTree = "<group>"; };
/* End PBXFileReference section */

/* Begin PBXFrameworksBuildPhase section */
		6B6C58362AC9EB5D0004135B /* Frameworks */ = {
			isa = PBXFrameworksBuildPhase;
			buildActionMask = 2147483647;
			files = (
				6B6C586B2AC9EF5A0004135B /* Alamofire in Frameworks */,
				6B6C58692AC9EF4D0004135B /* SwiftyJSON in Frameworks */,
				6B6C586E2AC9F38D0004135B /* KeychainSwift in Frameworks */,
				6B6C58672AC9EF400004135B /* MenuBarExtraAccess in Frameworks */,
			);
			runOnlyForDeploymentPostprocessing = 0;
		};
		6B6C58452AC9EB600004135B /* Frameworks */ = {
			isa = PBXFrameworksBuildPhase;
			buildActionMask = 2147483647;
			files = (
			);
			runOnlyForDeploymentPostprocessing = 0;
		};
		6B6C584F2AC9EB600004135B /* Frameworks */ = {
			isa = PBXFrameworksBuildPhase;
			buildActionMask = 2147483647;
			files = (
			);
			runOnlyForDeploymentPostprocessing = 0;
		};
		E77CCFF62AC04893005CD02F /* Frameworks */ = {
			isa = PBXFrameworksBuildPhase;
			buildActionMask = 2147483647;
			files = (
				6BC2DB892AC0A68C00E8A828 /* Alamofire in Frameworks */,
				E77CD0342AC06F64005CD02F /* KeychainSwift in Frameworks */,
				6BC2DB8C2AC0A6E400E8A828 /* SwiftyJSON in Frameworks */,
				6B6C58342AC9CE090004135B /* MenuBarExtraAccess in Frameworks */,
				E77CD02D2AC0552B005CD02F /* LaunchAtLogin in Frameworks */,
			);
			runOnlyForDeploymentPostprocessing = 0;
		};
		E77CD0072AC04899005CD02F /* Frameworks */ = {
			isa = PBXFrameworksBuildPhase;
			buildActionMask = 2147483647;
			files = (
			);
			runOnlyForDeploymentPostprocessing = 0;
		};
		E77CD0112AC04899005CD02F /* Frameworks */ = {
			isa = PBXFrameworksBuildPhase;
			buildActionMask = 2147483647;
			files = (
			);
			runOnlyForDeploymentPostprocessing = 0;
		};
/* End PBXFrameworksBuildPhase section */

/* Begin PBXGroup section */
		6B5B72502AC384BF00C071F1 /* Views */ = {
			isa = PBXGroup;
			children = (
				E77CD02E2AC06C06005CD02F /* PrefrencesView.swift */,
				E77CCFFE2AC04893005CD02F /* MainView.swift */,
				6B5B724E2AC35FD000C071F1 /* MenuBarView.swift */,
			);
			path = Views;
			sourceTree = "<group>";
		};
		6B5B72512AC384F000C071F1 /* Helpers */ = {
			isa = PBXGroup;
			children = (
				6BC2DB8D2AC0A80700E8A828 /* GlobalSettings.swift */,
				E77CD0372AC07F70005CD02F /* KeychainHelper.swift */,
			);
			name = Helpers;
			sourceTree = "<group>";
		};
		6B5B72562AC42BA700C071F1 /* DataStructures */ = {
			isa = PBXGroup;
			children = (
				6BC2DB8F2AC0B85700E8A828 /* TimeEntry.swift */,
				6B5B72572AC42C7700C071F1 /* TaskStructure.swift */,
			);
			path = DataStructures;
			sourceTree = "<group>";
		};
		6B6C583A2AC9EB5D0004135B /* jOS */ = {
			isa = PBXGroup;
			children = (
				6B6C58732AC9F5B10004135B /* jOS.entitlements */,
				6B6C583B2AC9EB5E0004135B /* jOSApp.swift */,
				6B6C583D2AC9EB5E0004135B /* ContentView.swift */,
				6B6C583F2AC9EB600004135B /* Assets.xcassets */,
				6B6C58412AC9EB600004135B /* Preview Content */,
			);
			path = jOS;
			sourceTree = "<group>";
		};
		6B6C58412AC9EB600004135B /* Preview Content */ = {
			isa = PBXGroup;
			children = (
				6B6C58422AC9EB600004135B /* Preview Assets.xcassets */,
			);
			path = "Preview Content";
			sourceTree = "<group>";
		};
		6B6C584B2AC9EB600004135B /* jOSTests */ = {
			isa = PBXGroup;
			children = (
				6B6C584C2AC9EB600004135B /* jOSTests.swift */,
			);
			path = jOSTests;
			sourceTree = "<group>";
		};
		6B6C58552AC9EB610004135B /* jOSUITests */ = {
			isa = PBXGroup;
			children = (
				6B6C58562AC9EB610004135B /* jOSUITests.swift */,
				6B6C58582AC9EB610004135B /* jOSUITestsLaunchTests.swift */,
			);
			path = jOSUITests;
			sourceTree = "<group>";
		};
		6B6C58762ACA00180004135B /* Frameworks */ = {
			isa = PBXGroup;
			children = (
			);
			name = Frameworks;
			sourceTree = "<group>";
		};
		E77CCFF02AC04893005CD02F = {
			isa = PBXGroup;
			children = (
				E77CCFFB2AC04893005CD02F /* notion-timetracking */,
				E77CD00D2AC04899005CD02F /* notion-timetrackingTests */,
				E77CD0172AC04899005CD02F /* notion-timetrackingUITests */,
				6B6C583A2AC9EB5D0004135B /* jOS */,
				6B6C584B2AC9EB600004135B /* jOSTests */,
				6B6C58552AC9EB610004135B /* jOSUITests */,
				E77CCFFA2AC04893005CD02F /* Products */,
				6B6C58762ACA00180004135B /* Frameworks */,
			);
			sourceTree = "<group>";
		};
		E77CCFFA2AC04893005CD02F /* Products */ = {
			isa = PBXGroup;
			children = (
				E77CCFF92AC04893005CD02F /* notion-timetracking.app */,
				E77CD00A2AC04899005CD02F /* notion-timetrackingTests.xctest */,
				E77CD0142AC04899005CD02F /* notion-timetrackingUITests.xctest */,
				6B6C58392AC9EB5D0004135B /* jOS.app */,
				6B6C58482AC9EB600004135B /* jOSTests.xctest */,
				6B6C58522AC9EB600004135B /* jOSUITests.xctest */,
			);
			name = Products;
			sourceTree = "<group>";
		};
		E77CCFFB2AC04893005CD02F /* notion-timetracking */ = {
			isa = PBXGroup;
			children = (
				E77CD0032AC04899005CD02F /* Preview Content */,
				E77CD0022AC04899005CD02F /* notion_timetracking.entitlements */,
				E77CD0002AC04899005CD02F /* Assets.xcassets */,
				E77CCFFC2AC04893005CD02F /* App.swift */,
				6B5B72502AC384BF00C071F1 /* Views */,
				6B5B72542AC3854100C071F1 /* NotionController.swift */,
				6B5B72522AC3852300C071F1 /* NotionAPI.swift */,
				6B5B72562AC42BA700C071F1 /* DataStructures */,
				6B5B72512AC384F000C071F1 /* Helpers */,
			);
			path = "notion-timetracking";
			sourceTree = "<group>";
		};
		E77CD0032AC04899005CD02F /* Preview Content */ = {
			isa = PBXGroup;
			children = (
				E77CD0042AC04899005CD02F /* Preview Assets.xcassets */,
			);
			path = "Preview Content";
			sourceTree = "<group>";
		};
		E77CD00D2AC04899005CD02F /* notion-timetrackingTests */ = {
			isa = PBXGroup;
			children = (
				E77CD00E2AC04899005CD02F /* notion_timetrackingTests.swift */,
			);
			path = "notion-timetrackingTests";
			sourceTree = "<group>";
		};
		E77CD0172AC04899005CD02F /* notion-timetrackingUITests */ = {
			isa = PBXGroup;
			children = (
				E77CD0182AC04899005CD02F /* notion_timetrackingUITests.swift */,
				E77CD01A2AC04899005CD02F /* notion_timetrackingUITestsLaunchTests.swift */,
			);
			path = "notion-timetrackingUITests";
			sourceTree = "<group>";
		};
/* End PBXGroup section */

/* Begin PBXNativeTarget section */
		6B6C58382AC9EB5D0004135B /* jOS */ = {
			isa = PBXNativeTarget;
			buildConfigurationList = 6B6C585A2AC9EB610004135B /* Build configuration list for PBXNativeTarget "jOS" */;
			buildPhases = (
				6B6C58352AC9EB5D0004135B /* Sources */,
				6B6C58362AC9EB5D0004135B /* Frameworks */,
				6B6C58372AC9EB5D0004135B /* Resources */,
			);
			buildRules = (
			);
			dependencies = (
				6B6C58792ACA00360004135B /* PBXTargetDependency */,
			);
			name = jOS;
			packageProductDependencies = (
				6B6C58662AC9EF400004135B /* MenuBarExtraAccess */,
				6B6C58682AC9EF4D0004135B /* SwiftyJSON */,
				6B6C586A2AC9EF5A0004135B /* Alamofire */,
				6B6C586D2AC9F38D0004135B /* KeychainSwift */,
			);
			productName = jOS;
			productReference = 6B6C58392AC9EB5D0004135B /* jOS.app */;
			productType = "com.apple.product-type.application";
		};
		6B6C58472AC9EB600004135B /* jOSTests */ = {
			isa = PBXNativeTarget;
			buildConfigurationList = 6B6C585D2AC9EB610004135B /* Build configuration list for PBXNativeTarget "jOSTests" */;
			buildPhases = (
				6B6C58442AC9EB600004135B /* Sources */,
				6B6C58452AC9EB600004135B /* Frameworks */,
				6B6C58462AC9EB600004135B /* Resources */,
			);
			buildRules = (
			);
			dependencies = (
				6B6C584A2AC9EB600004135B /* PBXTargetDependency */,
			);
			name = jOSTests;
			productName = jOSTests;
			productReference = 6B6C58482AC9EB600004135B /* jOSTests.xctest */;
			productType = "com.apple.product-type.bundle.unit-test";
		};
		6B6C58512AC9EB600004135B /* jOSUITests */ = {
			isa = PBXNativeTarget;
			buildConfigurationList = 6B6C58602AC9EB610004135B /* Build configuration list for PBXNativeTarget "jOSUITests" */;
			buildPhases = (
				6B6C584E2AC9EB600004135B /* Sources */,
				6B6C584F2AC9EB600004135B /* Frameworks */,
				6B6C58502AC9EB600004135B /* Resources */,
			);
			buildRules = (
			);
			dependencies = (
				6B6C58542AC9EB610004135B /* PBXTargetDependency */,
			);
			name = jOSUITests;
			productName = jOSUITests;
			productReference = 6B6C58522AC9EB600004135B /* jOSUITests.xctest */;
			productType = "com.apple.product-type.bundle.ui-testing";
		};
		E77CCFF82AC04893005CD02F /* notion-timetracking */ = {
			isa = PBXNativeTarget;
			buildConfigurationList = E77CD01E2AC04899005CD02F /* Build configuration list for PBXNativeTarget "notion-timetracking" */;
			buildPhases = (
				E77CCFF52AC04893005CD02F /* Sources */,
				E77CCFF62AC04893005CD02F /* Frameworks */,
				E77CCFF72AC04893005CD02F /* Resources */,
			);
			buildRules = (
			);
			dependencies = (
			);
			name = "notion-timetracking";
			packageProductDependencies = (
				E77CD02C2AC0552B005CD02F /* LaunchAtLogin */,
				E77CD0332AC06F64005CD02F /* KeychainSwift */,
				6BC2DB882AC0A68C00E8A828 /* Alamofire */,
				6BC2DB8B2AC0A6E400E8A828 /* SwiftyJSON */,
				6B6C58332AC9CE090004135B /* MenuBarExtraAccess */,
			);
			productName = "notion-timetracking";
			productReference = E77CCFF92AC04893005CD02F /* notion-timetracking.app */;
			productType = "com.apple.product-type.application";
		};
		E77CD0092AC04899005CD02F /* notion-timetrackingTests */ = {
			isa = PBXNativeTarget;
			buildConfigurationList = E77CD0212AC04899005CD02F /* Build configuration list for PBXNativeTarget "notion-timetrackingTests" */;
			buildPhases = (
				E77CD0062AC04899005CD02F /* Sources */,
				E77CD0072AC04899005CD02F /* Frameworks */,
				E77CD0082AC04899005CD02F /* Resources */,
			);
			buildRules = (
			);
			dependencies = (
				E77CD00C2AC04899005CD02F /* PBXTargetDependency */,
			);
			name = "notion-timetrackingTests";
			productName = "notion-timetrackingTests";
			productReference = E77CD00A2AC04899005CD02F /* notion-timetrackingTests.xctest */;
			productType = "com.apple.product-type.bundle.unit-test";
		};
		E77CD0132AC04899005CD02F /* notion-timetrackingUITests */ = {
			isa = PBXNativeTarget;
			buildConfigurationList = E77CD0242AC04899005CD02F /* Build configuration list for PBXNativeTarget "notion-timetrackingUITests" */;
			buildPhases = (
				E77CD0102AC04899005CD02F /* Sources */,
				E77CD0112AC04899005CD02F /* Frameworks */,
				E77CD0122AC04899005CD02F /* Resources */,
			);
			buildRules = (
			);
			dependencies = (
				E77CD0162AC04899005CD02F /* PBXTargetDependency */,
			);
			name = "notion-timetrackingUITests";
			productName = "notion-timetrackingUITests";
			productReference = E77CD0142AC04899005CD02F /* notion-timetrackingUITests.xctest */;
			productType = "com.apple.product-type.bundle.ui-testing";
		};
/* End PBXNativeTarget section */

/* Begin PBXProject section */
		E77CCFF12AC04893005CD02F /* Project object */ = {
			isa = PBXProject;
			attributes = {
				BuildIndependentTargetsInParallel = 1;
				LastSwiftUpdateCheck = 1500;
				LastUpgradeCheck = 1500;
				TargetAttributes = {
					6B6C58382AC9EB5D0004135B = {
						CreatedOnToolsVersion = 15.0;
					};
					6B6C58472AC9EB600004135B = {
						CreatedOnToolsVersion = 15.0;
						TestTargetID = 6B6C58382AC9EB5D0004135B;
					};
					6B6C58512AC9EB600004135B = {
						CreatedOnToolsVersion = 15.0;
						TestTargetID = 6B6C58382AC9EB5D0004135B;
					};
					E77CCFF82AC04893005CD02F = {
						CreatedOnToolsVersion = 15.0;
					};
					E77CD0092AC04899005CD02F = {
						CreatedOnToolsVersion = 15.0;
						TestTargetID = E77CCFF82AC04893005CD02F;
					};
					E77CD0132AC04899005CD02F = {
						CreatedOnToolsVersion = 15.0;
						TestTargetID = E77CCFF82AC04893005CD02F;
					};
				};
			};
			buildConfigurationList = E77CCFF42AC04893005CD02F /* Build configuration list for PBXProject "notion-timetracking" */;
			compatibilityVersion = "Xcode 14.0";
			developmentRegion = en;
			hasScannedForEncodings = 0;
			knownRegions = (
				en,
				Base,
			);
			mainGroup = E77CCFF02AC04893005CD02F;
			packageReferences = (
				E77CD02B2AC0552B005CD02F /* XCRemoteSwiftPackageReference "LaunchAtLogin-Modern" */,
				E77CD0322AC06F64005CD02F /* XCRemoteSwiftPackageReference "keychain-swift" */,
				6BC2DB872AC0A68C00E8A828 /* XCRemoteSwiftPackageReference "Alamofire" */,
				6BC2DB8A2AC0A6E400E8A828 /* XCRemoteSwiftPackageReference "SwiftyJSON" */,
				6B6C58322AC9CE090004135B /* XCRemoteSwiftPackageReference "MenuBarExtraAccess" */,
			);
			productRefGroup = E77CCFFA2AC04893005CD02F /* Products */;
			projectDirPath = "";
			projectRoot = "";
			targets = (
				E77CCFF82AC04893005CD02F /* notion-timetracking */,
				E77CD0092AC04899005CD02F /* notion-timetrackingTests */,
				E77CD0132AC04899005CD02F /* notion-timetrackingUITests */,
				6B6C58382AC9EB5D0004135B /* jOS */,
				6B6C58472AC9EB600004135B /* jOSTests */,
				6B6C58512AC9EB600004135B /* jOSUITests */,
			);
		};
/* End PBXProject section */

/* Begin PBXResourcesBuildPhase section */
		6B6C58372AC9EB5D0004135B /* Resources */ = {
			isa = PBXResourcesBuildPhase;
			buildActionMask = 2147483647;
			files = (
				6B6C58432AC9EB600004135B /* Preview Assets.xcassets in Resources */,
				6B6C58772ACA00360004135B /* notion-timetracking.app in Resources */,
				6B6C58402AC9EB600004135B /* Assets.xcassets in Resources */,
			);
			runOnlyForDeploymentPostprocessing = 0;
		};
		6B6C58462AC9EB600004135B /* Resources */ = {
			isa = PBXResourcesBuildPhase;
			buildActionMask = 2147483647;
			files = (
			);
			runOnlyForDeploymentPostprocessing = 0;
		};
		6B6C58502AC9EB600004135B /* Resources */ = {
			isa = PBXResourcesBuildPhase;
			buildActionMask = 2147483647;
			files = (
			);
			runOnlyForDeploymentPostprocessing = 0;
		};
		E77CCFF72AC04893005CD02F /* Resources */ = {
			isa = PBXResourcesBuildPhase;
			buildActionMask = 2147483647;
			files = (
				E77CD0052AC04899005CD02F /* Preview Assets.xcassets in Resources */,
				E77CD0012AC04899005CD02F /* Assets.xcassets in Resources */,
			);
			runOnlyForDeploymentPostprocessing = 0;
		};
		E77CD0082AC04899005CD02F /* Resources */ = {
			isa = PBXResourcesBuildPhase;
			buildActionMask = 2147483647;
			files = (
			);
			runOnlyForDeploymentPostprocessing = 0;
		};
		E77CD0122AC04899005CD02F /* Resources */ = {
			isa = PBXResourcesBuildPhase;
			buildActionMask = 2147483647;
			files = (
			);
			runOnlyForDeploymentPostprocessing = 0;
		};
/* End PBXResourcesBuildPhase section */

/* Begin PBXSourcesBuildPhase section */
		6B6C58352AC9EB5D0004135B /* Sources */ = {
			isa = PBXSourcesBuildPhase;
			buildActionMask = 2147483647;
			files = (
				6B6C583E2AC9EB5E0004135B /* ContentView.swift in Sources */,
				6B6C586C2AC9F1240004135B /* TaskStructure.swift in Sources */,
				6B6C58652AC9EE960004135B /* MenuBarView.swift in Sources */,
				6B6C58742AC9F6150004135B /* PrefrencesView.swift in Sources */,
				6B6C58712AC9F3C80004135B /* NotionAPI.swift in Sources */,
				6B6C583C2AC9EB5E0004135B /* jOSApp.swift in Sources */,
				6B6C58722AC9F3E70004135B /* TimeEntry.swift in Sources */,
				6B6C58702AC9F3B30004135B /* KeychainHelper.swift in Sources */,
				6B6C58632AC9EE8B0004135B /* NotionController.swift in Sources */,
				6B6C586F2AC9F3B30004135B /* GlobalSettings.swift in Sources */,
			);
			runOnlyForDeploymentPostprocessing = 0;
		};
		6B6C58442AC9EB600004135B /* Sources */ = {
			isa = PBXSourcesBuildPhase;
			buildActionMask = 2147483647;
			files = (
				6B6C584D2AC9EB600004135B /* jOSTests.swift in Sources */,
			);
			runOnlyForDeploymentPostprocessing = 0;
		};
		6B6C584E2AC9EB600004135B /* Sources */ = {
			isa = PBXSourcesBuildPhase;
			buildActionMask = 2147483647;
			files = (
				6B6C58572AC9EB610004135B /* jOSUITests.swift in Sources */,
				6B6C58592AC9EB610004135B /* jOSUITestsLaunchTests.swift in Sources */,
			);
			runOnlyForDeploymentPostprocessing = 0;
		};
		E77CCFF52AC04893005CD02F /* Sources */ = {
			isa = PBXSourcesBuildPhase;
			buildActionMask = 2147483647;
			files = (
				6B5B724F2AC35FD000C071F1 /* MenuBarView.swift in Sources */,
				6BC2DB8E2AC0A80700E8A828 /* GlobalSettings.swift in Sources */,
				6B5B72532AC3852300C071F1 /* NotionAPI.swift in Sources */,
				E77CD0382AC07F70005CD02F /* KeychainHelper.swift in Sources */,
				6BC2DB902AC0B85700E8A828 /* TimeEntry.swift in Sources */,
				E77CCFFF2AC04893005CD02F /* MainView.swift in Sources */,
				6B5B72582AC42C7700C071F1 /* TaskStructure.swift in Sources */,
				E77CD02F2AC06C06005CD02F /* PrefrencesView.swift in Sources */,
				6B5B72552AC3854100C071F1 /* NotionController.swift in Sources */,
				E77CCFFD2AC04893005CD02F /* App.swift in Sources */,
			);
			runOnlyForDeploymentPostprocessing = 0;
		};
		E77CD0062AC04899005CD02F /* Sources */ = {
			isa = PBXSourcesBuildPhase;
			buildActionMask = 2147483647;
			files = (
				E77CD00F2AC04899005CD02F /* notion_timetrackingTests.swift in Sources */,
			);
			runOnlyForDeploymentPostprocessing = 0;
		};
		E77CD0102AC04899005CD02F /* Sources */ = {
			isa = PBXSourcesBuildPhase;
			buildActionMask = 2147483647;
			files = (
				E77CD0192AC04899005CD02F /* notion_timetrackingUITests.swift in Sources */,
				E77CD01B2AC04899005CD02F /* notion_timetrackingUITestsLaunchTests.swift in Sources */,
			);
			runOnlyForDeploymentPostprocessing = 0;
		};
/* End PBXSourcesBuildPhase section */

/* Begin PBXTargetDependency section */
		6B6C584A2AC9EB600004135B /* PBXTargetDependency */ = {
			isa = PBXTargetDependency;
			target = 6B6C58382AC9EB5D0004135B /* jOS */;
			targetProxy = 6B6C58492AC9EB600004135B /* PBXContainerItemProxy */;
		};
		6B6C58542AC9EB610004135B /* PBXTargetDependency */ = {
			isa = PBXTargetDependency;
			target = 6B6C58382AC9EB5D0004135B /* jOS */;
			targetProxy = 6B6C58532AC9EB610004135B /* PBXContainerItemProxy */;
		};
		6B6C58792ACA00360004135B /* PBXTargetDependency */ = {
			isa = PBXTargetDependency;
			platformFilters = (
				maccatalyst,
				macos,
			);
			target = E77CCFF82AC04893005CD02F /* notion-timetracking */;
			targetProxy = 6B6C58782ACA00360004135B /* PBXContainerItemProxy */;
		};
		E77CD00C2AC04899005CD02F /* PBXTargetDependency */ = {
			isa = PBXTargetDependency;
			target = E77CCFF82AC04893005CD02F /* notion-timetracking */;
			targetProxy = E77CD00B2AC04899005CD02F /* PBXContainerItemProxy */;
		};
		E77CD0162AC04899005CD02F /* PBXTargetDependency */ = {
			isa = PBXTargetDependency;
			target = E77CCFF82AC04893005CD02F /* notion-timetracking */;
			targetProxy = E77CD0152AC04899005CD02F /* PBXContainerItemProxy */;
		};
/* End PBXTargetDependency section */

/* Begin XCBuildConfiguration section */
		6B6C585B2AC9EB610004135B /* Debug */ = {
			isa = XCBuildConfiguration;
			buildSettings = {
				ASSETCATALOG_COMPILER_APPICON_NAME = AppIcon;
				ASSETCATALOG_COMPILER_GLOBAL_ACCENT_COLOR_NAME = AccentColor;
				CODE_SIGN_ENTITLEMENTS = jOS/jOS.entitlements;
				CODE_SIGN_STYLE = Automatic;
				CURRENT_PROJECT_VERSION = 1;
				DEVELOPMENT_ASSET_PATHS = "\"jOS/Preview Content\"";
				DEVELOPMENT_TEAM = YYQHJ5E4H8;
				ENABLE_PREVIEWS = YES;
				GENERATE_INFOPLIST_FILE = YES;
				INFOPLIST_KEY_CFBundleDisplayName = "jOS - Tasks";
				INFOPLIST_KEY_LSApplicationCategoryType = "public.app-category.productivity";
				INFOPLIST_KEY_UIApplicationSceneManifest_Generation = YES;
				INFOPLIST_KEY_UIApplicationSupportsIndirectInputEvents = YES;
				INFOPLIST_KEY_UILaunchScreen_Generation = YES;
				INFOPLIST_KEY_UISupportedInterfaceOrientations_iPad = "UIInterfaceOrientationPortrait UIInterfaceOrientationPortraitUpsideDown UIInterfaceOrientationLandscapeLeft UIInterfaceOrientationLandscapeRight";
				INFOPLIST_KEY_UISupportedInterfaceOrientations_iPhone = "UIInterfaceOrientationPortrait UIInterfaceOrientationLandscapeLeft UIInterfaceOrientationLandscapeRight";
				IPHONEOS_DEPLOYMENT_TARGET = 17.0;
				LD_RUNPATH_SEARCH_PATHS = (
					"$(inherited)",
					"@executable_path/Frameworks",
				);
				MARKETING_VERSION = 1.0;
				PRODUCT_BUNDLE_IDENTIFIER = com.jta.jos;
				PRODUCT_NAME = "$(TARGET_NAME)";
				SDKROOT = iphoneos;
				SWIFT_EMIT_LOC_STRINGS = YES;
				SWIFT_VERSION = 5.0;
				TARGETED_DEVICE_FAMILY = "1,2";
			};
			name = Debug;
		};
		6B6C585C2AC9EB610004135B /* Release */ = {
			isa = XCBuildConfiguration;
			buildSettings = {
				ASSETCATALOG_COMPILER_APPICON_NAME = AppIcon;
				ASSETCATALOG_COMPILER_GLOBAL_ACCENT_COLOR_NAME = AccentColor;
				CODE_SIGN_ENTITLEMENTS = jOS/jOS.entitlements;
				CODE_SIGN_STYLE = Automatic;
				CURRENT_PROJECT_VERSION = 1;
				DEVELOPMENT_ASSET_PATHS = "\"jOS/Preview Content\"";
				DEVELOPMENT_TEAM = YYQHJ5E4H8;
				ENABLE_PREVIEWS = YES;
				GENERATE_INFOPLIST_FILE = YES;
				INFOPLIST_KEY_CFBundleDisplayName = "jOS - Tasks";
				INFOPLIST_KEY_LSApplicationCategoryType = "public.app-category.productivity";
				INFOPLIST_KEY_UIApplicationSceneManifest_Generation = YES;
				INFOPLIST_KEY_UIApplicationSupportsIndirectInputEvents = YES;
				INFOPLIST_KEY_UILaunchScreen_Generation = YES;
				INFOPLIST_KEY_UISupportedInterfaceOrientations_iPad = "UIInterfaceOrientationPortrait UIInterfaceOrientationPortraitUpsideDown UIInterfaceOrientationLandscapeLeft UIInterfaceOrientationLandscapeRight";
				INFOPLIST_KEY_UISupportedInterfaceOrientations_iPhone = "UIInterfaceOrientationPortrait UIInterfaceOrientationLandscapeLeft UIInterfaceOrientationLandscapeRight";
				IPHONEOS_DEPLOYMENT_TARGET = 17.0;
				LD_RUNPATH_SEARCH_PATHS = (
					"$(inherited)",
					"@executable_path/Frameworks",
				);
				MARKETING_VERSION = 1.0;
				PRODUCT_BUNDLE_IDENTIFIER = com.jta.jos;
				PRODUCT_NAME = "$(TARGET_NAME)";
				SDKROOT = iphoneos;
				SWIFT_EMIT_LOC_STRINGS = YES;
				SWIFT_VERSION = 5.0;
				TARGETED_DEVICE_FAMILY = "1,2";
				VALIDATE_PRODUCT = YES;
			};
			name = Release;
		};
		6B6C585E2AC9EB610004135B /* Debug */ = {
			isa = XCBuildConfiguration;
			buildSettings = {
				ALWAYS_EMBED_SWIFT_STANDARD_LIBRARIES = YES;
				BUNDLE_LOADER = "$(TEST_HOST)";
				CODE_SIGN_STYLE = Automatic;
				CURRENT_PROJECT_VERSION = 1;
				DEVELOPMENT_TEAM = YYQHJ5E4H8;
				GENERATE_INFOPLIST_FILE = YES;
				IPHONEOS_DEPLOYMENT_TARGET = 17.0;
				MARKETING_VERSION = 1.0;
				PRODUCT_BUNDLE_IDENTIFIER = com.jta.jos.jOSTests;
				PRODUCT_NAME = "$(TARGET_NAME)";
				SDKROOT = iphoneos;
				SWIFT_EMIT_LOC_STRINGS = NO;
				SWIFT_VERSION = 5.0;
				TARGETED_DEVICE_FAMILY = "1,2";
				TEST_HOST = "$(BUILT_PRODUCTS_DIR)/jOS.app/$(BUNDLE_EXECUTABLE_FOLDER_PATH)/jOS";
			};
			name = Debug;
		};
		6B6C585F2AC9EB610004135B /* Release */ = {
			isa = XCBuildConfiguration;
			buildSettings = {
				ALWAYS_EMBED_SWIFT_STANDARD_LIBRARIES = YES;
				BUNDLE_LOADER = "$(TEST_HOST)";
				CODE_SIGN_STYLE = Automatic;
				CURRENT_PROJECT_VERSION = 1;
				DEVELOPMENT_TEAM = YYQHJ5E4H8;
				GENERATE_INFOPLIST_FILE = YES;
				IPHONEOS_DEPLOYMENT_TARGET = 17.0;
				MARKETING_VERSION = 1.0;
				PRODUCT_BUNDLE_IDENTIFIER = com.jta.jos.jOSTests;
				PRODUCT_NAME = "$(TARGET_NAME)";
				SDKROOT = iphoneos;
				SWIFT_EMIT_LOC_STRINGS = NO;
				SWIFT_VERSION = 5.0;
				TARGETED_DEVICE_FAMILY = "1,2";
				TEST_HOST = "$(BUILT_PRODUCTS_DIR)/jOS.app/$(BUNDLE_EXECUTABLE_FOLDER_PATH)/jOS";
				VALIDATE_PRODUCT = YES;
			};
			name = Release;
		};
		6B6C58612AC9EB610004135B /* Debug */ = {
			isa = XCBuildConfiguration;
			buildSettings = {
				ALWAYS_EMBED_SWIFT_STANDARD_LIBRARIES = YES;
				CODE_SIGN_STYLE = Automatic;
				CURRENT_PROJECT_VERSION = 1;
				DEVELOPMENT_TEAM = YYQHJ5E4H8;
				GENERATE_INFOPLIST_FILE = YES;
				IPHONEOS_DEPLOYMENT_TARGET = 17.0;
				MARKETING_VERSION = 1.0;
				PRODUCT_BUNDLE_IDENTIFIER = com.jta.jos.jOSUITests;
				PRODUCT_NAME = "$(TARGET_NAME)";
				SDKROOT = iphoneos;
				SWIFT_EMIT_LOC_STRINGS = NO;
				SWIFT_VERSION = 5.0;
				TARGETED_DEVICE_FAMILY = "1,2";
				TEST_TARGET_NAME = jOS;
			};
			name = Debug;
		};
		6B6C58622AC9EB610004135B /* Release */ = {
			isa = XCBuildConfiguration;
			buildSettings = {
				ALWAYS_EMBED_SWIFT_STANDARD_LIBRARIES = YES;
				CODE_SIGN_STYLE = Automatic;
				CURRENT_PROJECT_VERSION = 1;
				DEVELOPMENT_TEAM = YYQHJ5E4H8;
				GENERATE_INFOPLIST_FILE = YES;
				IPHONEOS_DEPLOYMENT_TARGET = 17.0;
				MARKETING_VERSION = 1.0;
				PRODUCT_BUNDLE_IDENTIFIER = com.jta.jos.jOSUITests;
				PRODUCT_NAME = "$(TARGET_NAME)";
				SDKROOT = iphoneos;
				SWIFT_EMIT_LOC_STRINGS = NO;
				SWIFT_VERSION = 5.0;
				TARGETED_DEVICE_FAMILY = "1,2";
				TEST_TARGET_NAME = jOS;
				VALIDATE_PRODUCT = YES;
			};
			name = Release;
		};
		E77CD01C2AC04899005CD02F /* Debug */ = {
			isa = XCBuildConfiguration;
			buildSettings = {
				ALLOW_TARGET_PLATFORM_SPECIALIZATION = YES;
				ALWAYS_SEARCH_USER_PATHS = NO;
				ASSETCATALOG_COMPILER_GENERATE_SWIFT_ASSET_SYMBOL_EXTENSIONS = YES;
				CLANG_ANALYZER_NONNULL = YES;
				CLANG_ANALYZER_NUMBER_OBJECT_CONVERSION = YES_AGGRESSIVE;
				CLANG_CXX_LANGUAGE_STANDARD = "gnu++20";
				CLANG_ENABLE_MODULES = YES;
				CLANG_ENABLE_OBJC_ARC = YES;
				CLANG_ENABLE_OBJC_WEAK = YES;
				CLANG_WARN_BLOCK_CAPTURE_AUTORELEASING = YES;
				CLANG_WARN_BOOL_CONVERSION = YES;
				CLANG_WARN_COMMA = YES;
				CLANG_WARN_CONSTANT_CONVERSION = YES;
				CLANG_WARN_DEPRECATED_OBJC_IMPLEMENTATIONS = YES;
				CLANG_WARN_DIRECT_OBJC_ISA_USAGE = YES_ERROR;
				CLANG_WARN_DOCUMENTATION_COMMENTS = YES;
				CLANG_WARN_EMPTY_BODY = YES;
				CLANG_WARN_ENUM_CONVERSION = YES;
				CLANG_WARN_INFINITE_RECURSION = YES;
				CLANG_WARN_INT_CONVERSION = YES;
				CLANG_WARN_NON_LITERAL_NULL_CONVERSION = YES;
				CLANG_WARN_OBJC_IMPLICIT_RETAIN_SELF = YES;
				CLANG_WARN_OBJC_LITERAL_CONVERSION = YES;
				CLANG_WARN_OBJC_ROOT_CLASS = YES_ERROR;
				CLANG_WARN_QUOTED_INCLUDE_IN_FRAMEWORK_HEADER = YES;
				CLANG_WARN_RANGE_LOOP_ANALYSIS = YES;
				CLANG_WARN_STRICT_PROTOTYPES = YES;
				CLANG_WARN_SUSPICIOUS_MOVE = YES;
				CLANG_WARN_UNGUARDED_AVAILABILITY = YES_AGGRESSIVE;
				CLANG_WARN_UNREACHABLE_CODE = YES;
				CLANG_WARN__DUPLICATE_METHOD_MATCH = YES;
				COPY_PHASE_STRIP = NO;
				DEBUG_INFORMATION_FORMAT = dwarf;
				ENABLE_STRICT_OBJC_MSGSEND = YES;
				ENABLE_TESTABILITY = YES;
				ENABLE_USER_SCRIPT_SANDBOXING = YES;
				GCC_C_LANGUAGE_STANDARD = gnu17;
				GCC_DYNAMIC_NO_PIC = NO;
				GCC_NO_COMMON_BLOCKS = YES;
				GCC_OPTIMIZATION_LEVEL = 0;
				GCC_PREPROCESSOR_DEFINITIONS = (
					"DEBUG=1",
					"$(inherited)",
				);
				GCC_WARN_64_TO_32_BIT_CONVERSION = YES;
				GCC_WARN_ABOUT_RETURN_TYPE = YES_ERROR;
				GCC_WARN_UNDECLARED_SELECTOR = YES;
				GCC_WARN_UNINITIALIZED_AUTOS = YES_AGGRESSIVE;
				GCC_WARN_UNUSED_FUNCTION = YES;
				GCC_WARN_UNUSED_VARIABLE = YES;
				LOCALIZATION_PREFERS_STRING_CATALOGS = YES;
				MTL_ENABLE_DEBUG_INFO = INCLUDE_SOURCE;
				MTL_FAST_MATH = YES;
				ONLY_ACTIVE_ARCH = YES;
				SUPPORTED_PLATFORMS = "watchsimulator watchos macosx iphonesimulator iphoneos driverkit appletvsimulator appletvos";
				SUPPORTS_MACCATALYST = YES;
				SWIFT_ACTIVE_COMPILATION_CONDITIONS = "DEBUG $(inherited)";
				SWIFT_OPTIMIZATION_LEVEL = "-Onone";
			};
			name = Debug;
		};
		E77CD01D2AC04899005CD02F /* Release */ = {
			isa = XCBuildConfiguration;
			buildSettings = {
				ALLOW_TARGET_PLATFORM_SPECIALIZATION = YES;
				ALWAYS_SEARCH_USER_PATHS = NO;
				ASSETCATALOG_COMPILER_GENERATE_SWIFT_ASSET_SYMBOL_EXTENSIONS = YES;
				CLANG_ANALYZER_NONNULL = YES;
				CLANG_ANALYZER_NUMBER_OBJECT_CONVERSION = YES_AGGRESSIVE;
				CLANG_CXX_LANGUAGE_STANDARD = "gnu++20";
				CLANG_ENABLE_MODULES = YES;
				CLANG_ENABLE_OBJC_ARC = YES;
				CLANG_ENABLE_OBJC_WEAK = YES;
				CLANG_WARN_BLOCK_CAPTURE_AUTORELEASING = YES;
				CLANG_WARN_BOOL_CONVERSION = YES;
				CLANG_WARN_COMMA = YES;
				CLANG_WARN_CONSTANT_CONVERSION = YES;
				CLANG_WARN_DEPRECATED_OBJC_IMPLEMENTATIONS = YES;
				CLANG_WARN_DIRECT_OBJC_ISA_USAGE = YES_ERROR;
				CLANG_WARN_DOCUMENTATION_COMMENTS = YES;
				CLANG_WARN_EMPTY_BODY = YES;
				CLANG_WARN_ENUM_CONVERSION = YES;
				CLANG_WARN_INFINITE_RECURSION = YES;
				CLANG_WARN_INT_CONVERSION = YES;
				CLANG_WARN_NON_LITERAL_NULL_CONVERSION = YES;
				CLANG_WARN_OBJC_IMPLICIT_RETAIN_SELF = YES;
				CLANG_WARN_OBJC_LITERAL_CONVERSION = YES;
				CLANG_WARN_OBJC_ROOT_CLASS = YES_ERROR;
				CLANG_WARN_QUOTED_INCLUDE_IN_FRAMEWORK_HEADER = YES;
				CLANG_WARN_RANGE_LOOP_ANALYSIS = YES;
				CLANG_WARN_STRICT_PROTOTYPES = YES;
				CLANG_WARN_SUSPICIOUS_MOVE = YES;
				CLANG_WARN_UNGUARDED_AVAILABILITY = YES_AGGRESSIVE;
				CLANG_WARN_UNREACHABLE_CODE = YES;
				CLANG_WARN__DUPLICATE_METHOD_MATCH = YES;
				COPY_PHASE_STRIP = NO;
				DEBUG_INFORMATION_FORMAT = "dwarf-with-dsym";
				ENABLE_NS_ASSERTIONS = NO;
				ENABLE_STRICT_OBJC_MSGSEND = YES;
				ENABLE_USER_SCRIPT_SANDBOXING = YES;
				GCC_C_LANGUAGE_STANDARD = gnu17;
				GCC_NO_COMMON_BLOCKS = YES;
				GCC_WARN_64_TO_32_BIT_CONVERSION = YES;
				GCC_WARN_ABOUT_RETURN_TYPE = YES_ERROR;
				GCC_WARN_UNDECLARED_SELECTOR = YES;
				GCC_WARN_UNINITIALIZED_AUTOS = YES_AGGRESSIVE;
				GCC_WARN_UNUSED_FUNCTION = YES;
				GCC_WARN_UNUSED_VARIABLE = YES;
				LOCALIZATION_PREFERS_STRING_CATALOGS = YES;
				MTL_ENABLE_DEBUG_INFO = NO;
				MTL_FAST_MATH = YES;
				SUPPORTED_PLATFORMS = "watchsimulator watchos macosx iphonesimulator iphoneos driverkit appletvsimulator appletvos";
				SUPPORTS_MACCATALYST = YES;
				SWIFT_COMPILATION_MODE = wholemodule;
			};
			name = Release;
		};
		E77CD01F2AC04899005CD02F /* Debug */ = {
			isa = XCBuildConfiguration;
			buildSettings = {
				ALLOW_TARGET_PLATFORM_SPECIALIZATION = YES;
				ASSETCATALOG_COMPILER_APPICON_NAME = AppIcon;
				ASSETCATALOG_COMPILER_GLOBAL_ACCENT_COLOR_NAME = AccentColor;
				CODE_SIGN_ENTITLEMENTS = "notion-timetracking/notion_timetracking.entitlements";
				CODE_SIGN_STYLE = Automatic;
				CURRENT_PROJECT_VERSION = 1;
				DEVELOPMENT_ASSET_PATHS = "\"notion-timetracking/Preview Content\"";
				DEVELOPMENT_TEAM = YYQHJ5E4H8;
				ENABLE_HARDENED_RUNTIME = YES;
				ENABLE_PREVIEWS = YES;
				GENERATE_INFOPLIST_FILE = YES;
				INFOPLIST_KEY_LSApplicationCategoryType = "public.app-category.productivity";
				"INFOPLIST_KEY_UIApplicationSceneManifest_Generation[sdk=iphoneos*]" = YES;
				"INFOPLIST_KEY_UIApplicationSceneManifest_Generation[sdk=iphonesimulator*]" = YES;
				"INFOPLIST_KEY_UIApplicationSupportsIndirectInputEvents[sdk=iphoneos*]" = YES;
				"INFOPLIST_KEY_UIApplicationSupportsIndirectInputEvents[sdk=iphonesimulator*]" = YES;
				"INFOPLIST_KEY_UILaunchScreen_Generation[sdk=iphoneos*]" = YES;
				"INFOPLIST_KEY_UILaunchScreen_Generation[sdk=iphonesimulator*]" = YES;
				"INFOPLIST_KEY_UIStatusBarStyle[sdk=iphoneos*]" = UIStatusBarStyleDefault;
				"INFOPLIST_KEY_UIStatusBarStyle[sdk=iphonesimulator*]" = UIStatusBarStyleDefault;
				INFOPLIST_KEY_UISupportedInterfaceOrientations_iPad = "UIInterfaceOrientationPortrait UIInterfaceOrientationPortraitUpsideDown UIInterfaceOrientationLandscapeLeft UIInterfaceOrientationLandscapeRight";
				INFOPLIST_KEY_UISupportedInterfaceOrientations_iPhone = "UIInterfaceOrientationPortrait UIInterfaceOrientationLandscapeLeft UIInterfaceOrientationLandscapeRight";
				IPHONEOS_DEPLOYMENT_TARGET = 17.0;
				LD_RUNPATH_SEARCH_PATHS = "@executable_path/Frameworks";
				"LD_RUNPATH_SEARCH_PATHS[sdk=macosx*]" = "@executable_path/../Frameworks";
				MACOSX_DEPLOYMENT_TARGET = 14.0;
				MARKETING_VERSION = 1.0;
				PRODUCT_BUNDLE_IDENTIFIER = com.jta.jos;
				PRODUCT_NAME = "$(TARGET_NAME)";
				SDKROOT = auto;
				SUPPORTED_PLATFORMS = macosx;
				SUPPORTS_MACCATALYST = YES;
				SWIFT_EMIT_LOC_STRINGS = YES;
				SWIFT_VERSION = 5.0;
				TARGETED_DEVICE_FAMILY = "1,2";
			};
			name = Debug;
		};
		E77CD0202AC04899005CD02F /* Release */ = {
			isa = XCBuildConfiguration;
			buildSettings = {
				ALLOW_TARGET_PLATFORM_SPECIALIZATION = YES;
				ASSETCATALOG_COMPILER_APPICON_NAME = AppIcon;
				ASSETCATALOG_COMPILER_GLOBAL_ACCENT_COLOR_NAME = AccentColor;
				CODE_SIGN_ENTITLEMENTS = "notion-timetracking/notion_timetracking.entitlements";
				CODE_SIGN_STYLE = Automatic;
				CURRENT_PROJECT_VERSION = 1;
				DEVELOPMENT_ASSET_PATHS = "\"notion-timetracking/Preview Content\"";
				DEVELOPMENT_TEAM = YYQHJ5E4H8;
				ENABLE_HARDENED_RUNTIME = YES;
				ENABLE_PREVIEWS = YES;
				GENERATE_INFOPLIST_FILE = YES;
				INFOPLIST_KEY_LSApplicationCategoryType = "public.app-category.productivity";
				"INFOPLIST_KEY_UIApplicationSceneManifest_Generation[sdk=iphoneos*]" = YES;
				"INFOPLIST_KEY_UIApplicationSceneManifest_Generation[sdk=iphonesimulator*]" = YES;
				"INFOPLIST_KEY_UIApplicationSupportsIndirectInputEvents[sdk=iphoneos*]" = YES;
				"INFOPLIST_KEY_UIApplicationSupportsIndirectInputEvents[sdk=iphonesimulator*]" = YES;
				"INFOPLIST_KEY_UILaunchScreen_Generation[sdk=iphoneos*]" = YES;
				"INFOPLIST_KEY_UILaunchScreen_Generation[sdk=iphonesimulator*]" = YES;
				"INFOPLIST_KEY_UIStatusBarStyle[sdk=iphoneos*]" = UIStatusBarStyleDefault;
				"INFOPLIST_KEY_UIStatusBarStyle[sdk=iphonesimulator*]" = UIStatusBarStyleDefault;
				INFOPLIST_KEY_UISupportedInterfaceOrientations_iPad = "UIInterfaceOrientationPortrait UIInterfaceOrientationPortraitUpsideDown UIInterfaceOrientationLandscapeLeft UIInterfaceOrientationLandscapeRight";
				INFOPLIST_KEY_UISupportedInterfaceOrientations_iPhone = "UIInterfaceOrientationPortrait UIInterfaceOrientationLandscapeLeft UIInterfaceOrientationLandscapeRight";
				IPHONEOS_DEPLOYMENT_TARGET = 17.0;
				LD_RUNPATH_SEARCH_PATHS = "@executable_path/Frameworks";
				"LD_RUNPATH_SEARCH_PATHS[sdk=macosx*]" = "@executable_path/../Frameworks";
				MACOSX_DEPLOYMENT_TARGET = 14.0;
				MARKETING_VERSION = 1.0;
				PRODUCT_BUNDLE_IDENTIFIER = com.jta.jos;
				PRODUCT_NAME = "$(TARGET_NAME)";
				SDKROOT = auto;
				SUPPORTED_PLATFORMS = macosx;
				SUPPORTS_MACCATALYST = YES;
				SWIFT_EMIT_LOC_STRINGS = YES;
				SWIFT_VERSION = 5.0;
				TARGETED_DEVICE_FAMILY = "1,2";
			};
			name = Release;
		};
		E77CD0222AC04899005CD02F /* Debug */ = {
			isa = XCBuildConfiguration;
			buildSettings = {
				ALWAYS_EMBED_SWIFT_STANDARD_LIBRARIES = YES;
				BUNDLE_LOADER = "$(TEST_HOST)";
				CODE_SIGN_STYLE = Automatic;
				CURRENT_PROJECT_VERSION = 1;
				DEVELOPMENT_TEAM = YYQHJ5E4H8;
				GENERATE_INFOPLIST_FILE = YES;
				IPHONEOS_DEPLOYMENT_TARGET = 17.0;
				MACOSX_DEPLOYMENT_TARGET = 14.0;
				MARKETING_VERSION = 1.0;
				PRODUCT_BUNDLE_IDENTIFIER = "JTA.notion-timetrackingTests";
				PRODUCT_NAME = "$(TARGET_NAME)";
				SDKROOT = auto;
				SUPPORTED_PLATFORMS = "iphoneos iphonesimulator macosx";
				SWIFT_EMIT_LOC_STRINGS = NO;
				SWIFT_VERSION = 5.0;
				TARGETED_DEVICE_FAMILY = "1,2";
				TEST_HOST = "$(BUILT_PRODUCTS_DIR)/notion-timetracking.app/$(BUNDLE_EXECUTABLE_FOLDER_PATH)/notion-timetracking";
			};
			name = Debug;
		};
		E77CD0232AC04899005CD02F /* Release */ = {
			isa = XCBuildConfiguration;
			buildSettings = {
				ALWAYS_EMBED_SWIFT_STANDARD_LIBRARIES = YES;
				BUNDLE_LOADER = "$(TEST_HOST)";
				CODE_SIGN_STYLE = Automatic;
				CURRENT_PROJECT_VERSION = 1;
				DEVELOPMENT_TEAM = YYQHJ5E4H8;
				GENERATE_INFOPLIST_FILE = YES;
				IPHONEOS_DEPLOYMENT_TARGET = 17.0;
				MACOSX_DEPLOYMENT_TARGET = 14.0;
				MARKETING_VERSION = 1.0;
				PRODUCT_BUNDLE_IDENTIFIER = "JTA.notion-timetrackingTests";
				PRODUCT_NAME = "$(TARGET_NAME)";
				SDKROOT = auto;
				SUPPORTED_PLATFORMS = "iphoneos iphonesimulator macosx";
				SWIFT_EMIT_LOC_STRINGS = NO;
				SWIFT_VERSION = 5.0;
				TARGETED_DEVICE_FAMILY = "1,2";
				TEST_HOST = "$(BUILT_PRODUCTS_DIR)/notion-timetracking.app/$(BUNDLE_EXECUTABLE_FOLDER_PATH)/notion-timetracking";
			};
			name = Release;
		};
		E77CD0252AC04899005CD02F /* Debug */ = {
			isa = XCBuildConfiguration;
			buildSettings = {
				ALWAYS_EMBED_SWIFT_STANDARD_LIBRARIES = YES;
				CODE_SIGN_STYLE = Automatic;
				CURRENT_PROJECT_VERSION = 1;
				DEVELOPMENT_TEAM = YYQHJ5E4H8;
				GENERATE_INFOPLIST_FILE = YES;
				IPHONEOS_DEPLOYMENT_TARGET = 17.0;
				MACOSX_DEPLOYMENT_TARGET = 14.0;
				MARKETING_VERSION = 1.0;
				PRODUCT_BUNDLE_IDENTIFIER = "JTA.notion-timetrackingUITests";
				PRODUCT_NAME = "$(TARGET_NAME)";
				SDKROOT = auto;
				SUPPORTED_PLATFORMS = "iphoneos iphonesimulator macosx";
				SWIFT_EMIT_LOC_STRINGS = NO;
				SWIFT_VERSION = 5.0;
				TARGETED_DEVICE_FAMILY = "1,2";
				TEST_TARGET_NAME = "notion-timetracking";
			};
			name = Debug;
		};
		E77CD0262AC04899005CD02F /* Release */ = {
			isa = XCBuildConfiguration;
			buildSettings = {
				ALWAYS_EMBED_SWIFT_STANDARD_LIBRARIES = YES;
				CODE_SIGN_STYLE = Automatic;
				CURRENT_PROJECT_VERSION = 1;
				DEVELOPMENT_TEAM = YYQHJ5E4H8;
				GENERATE_INFOPLIST_FILE = YES;
				IPHONEOS_DEPLOYMENT_TARGET = 17.0;
				MACOSX_DEPLOYMENT_TARGET = 14.0;
				MARKETING_VERSION = 1.0;
				PRODUCT_BUNDLE_IDENTIFIER = "JTA.notion-timetrackingUITests";
				PRODUCT_NAME = "$(TARGET_NAME)";
				SDKROOT = auto;
				SUPPORTED_PLATFORMS = "iphoneos iphonesimulator macosx";
				SWIFT_EMIT_LOC_STRINGS = NO;
				SWIFT_VERSION = 5.0;
				TARGETED_DEVICE_FAMILY = "1,2";
				TEST_TARGET_NAME = "notion-timetracking";
			};
			name = Release;
		};
/* End XCBuildConfiguration section */

/* Begin XCConfigurationList section */
		6B6C585A2AC9EB610004135B /* Build configuration list for PBXNativeTarget "jOS" */ = {
			isa = XCConfigurationList;
			buildConfigurations = (
				6B6C585B2AC9EB610004135B /* Debug */,
				6B6C585C2AC9EB610004135B /* Release */,
			);
			defaultConfigurationIsVisible = 0;
			defaultConfigurationName = Release;
		};
		6B6C585D2AC9EB610004135B /* Build configuration list for PBXNativeTarget "jOSTests" */ = {
			isa = XCConfigurationList;
			buildConfigurations = (
				6B6C585E2AC9EB610004135B /* Debug */,
				6B6C585F2AC9EB610004135B /* Release */,
			);
			defaultConfigurationIsVisible = 0;
			defaultConfigurationName = Release;
		};
		6B6C58602AC9EB610004135B /* Build configuration list for PBXNativeTarget "jOSUITests" */ = {
			isa = XCConfigurationList;
			buildConfigurations = (
				6B6C58612AC9EB610004135B /* Debug */,
				6B6C58622AC9EB610004135B /* Release */,
			);
			defaultConfigurationIsVisible = 0;
			defaultConfigurationName = Release;
		};
		E77CCFF42AC04893005CD02F /* Build configuration list for PBXProject "notion-timetracking" */ = {
			isa = XCConfigurationList;
			buildConfigurations = (
				E77CD01C2AC04899005CD02F /* Debug */,
				E77CD01D2AC04899005CD02F /* Release */,
			);
			defaultConfigurationIsVisible = 0;
			defaultConfigurationName = Release;
		};
		E77CD01E2AC04899005CD02F /* Build configuration list for PBXNativeTarget "notion-timetracking" */ = {
			isa = XCConfigurationList;
			buildConfigurations = (
				E77CD01F2AC04899005CD02F /* Debug */,
				E77CD0202AC04899005CD02F /* Release */,
			);
			defaultConfigurationIsVisible = 0;
			defaultConfigurationName = Release;
		};
		E77CD0212AC04899005CD02F /* Build configuration list for PBXNativeTarget "notion-timetrackingTests" */ = {
			isa = XCConfigurationList;
			buildConfigurations = (
				E77CD0222AC04899005CD02F /* Debug */,
				E77CD0232AC04899005CD02F /* Release */,
			);
			defaultConfigurationIsVisible = 0;
			defaultConfigurationName = Release;
		};
		E77CD0242AC04899005CD02F /* Build configuration list for PBXNativeTarget "notion-timetrackingUITests" */ = {
			isa = XCConfigurationList;
			buildConfigurations = (
				E77CD0252AC04899005CD02F /* Debug */,
				E77CD0262AC04899005CD02F /* Release */,
			);
			defaultConfigurationIsVisible = 0;
			defaultConfigurationName = Release;
		};
/* End XCConfigurationList section */

/* Begin XCRemoteSwiftPackageReference section */
		6B6C58322AC9CE090004135B /* XCRemoteSwiftPackageReference "MenuBarExtraAccess" */ = {
			isa = XCRemoteSwiftPackageReference;
			repositoryURL = "https://github.com/orchetect/MenuBarExtraAccess";
			requirement = {
				kind = upToNextMajorVersion;
				minimumVersion = 1.0.5;
			};
		};
		6BC2DB872AC0A68C00E8A828 /* XCRemoteSwiftPackageReference "Alamofire" */ = {
			isa = XCRemoteSwiftPackageReference;
			repositoryURL = "https://github.com/Alamofire/Alamofire.git";
			requirement = {
				kind = upToNextMajorVersion;
				minimumVersion = 5.8.0;
			};
		};
		6BC2DB8A2AC0A6E400E8A828 /* XCRemoteSwiftPackageReference "SwiftyJSON" */ = {
			isa = XCRemoteSwiftPackageReference;
			repositoryURL = "https://github.com/SwiftyJSON/SwiftyJSON.git";
			requirement = {
				kind = upToNextMajorVersion;
				minimumVersion = 5.0.1;
			};
		};
		E77CD02B2AC0552B005CD02F /* XCRemoteSwiftPackageReference "LaunchAtLogin-Modern" */ = {
			isa = XCRemoteSwiftPackageReference;
			repositoryURL = "https://github.com/sindresorhus/LaunchAtLogin-Modern";
			requirement = {
				kind = upToNextMajorVersion;
				minimumVersion = 1.0.0;
			};
		};
		E77CD0322AC06F64005CD02F /* XCRemoteSwiftPackageReference "keychain-swift" */ = {
			isa = XCRemoteSwiftPackageReference;
			repositoryURL = "https://github.com/evgenyneu/keychain-swift.git";
			requirement = {
				kind = upToNextMajorVersion;
				minimumVersion = 20.0.0;
			};
		};
/* End XCRemoteSwiftPackageReference section */

/* Begin XCSwiftPackageProductDependency section */
		6B6C58332AC9CE090004135B /* MenuBarExtraAccess */ = {
			isa = XCSwiftPackageProductDependency;
			package = 6B6C58322AC9CE090004135B /* XCRemoteSwiftPackageReference "MenuBarExtraAccess" */;
			productName = MenuBarExtraAccess;
		};
		6B6C58662AC9EF400004135B /* MenuBarExtraAccess */ = {
			isa = XCSwiftPackageProductDependency;
			package = 6B6C58322AC9CE090004135B /* XCRemoteSwiftPackageReference "MenuBarExtraAccess" */;
			productName = MenuBarExtraAccess;
		};
		6B6C58682AC9EF4D0004135B /* SwiftyJSON */ = {
			isa = XCSwiftPackageProductDependency;
			package = 6BC2DB8A2AC0A6E400E8A828 /* XCRemoteSwiftPackageReference "SwiftyJSON" */;
			productName = SwiftyJSON;
		};
		6B6C586A2AC9EF5A0004135B /* Alamofire */ = {
			isa = XCSwiftPackageProductDependency;
			package = 6BC2DB872AC0A68C00E8A828 /* XCRemoteSwiftPackageReference "Alamofire" */;
			productName = Alamofire;
		};
		6B6C586D2AC9F38D0004135B /* KeychainSwift */ = {
			isa = XCSwiftPackageProductDependency;
			productName = KeychainSwift;
		};
		6BC2DB882AC0A68C00E8A828 /* Alamofire */ = {
			isa = XCSwiftPackageProductDependency;
			package = 6BC2DB872AC0A68C00E8A828 /* XCRemoteSwiftPackageReference "Alamofire" */;
			productName = Alamofire;
		};
		6BC2DB8B2AC0A6E400E8A828 /* SwiftyJSON */ = {
			isa = XCSwiftPackageProductDependency;
			package = 6BC2DB8A2AC0A6E400E8A828 /* XCRemoteSwiftPackageReference "SwiftyJSON" */;
			productName = SwiftyJSON;
		};
		E77CD02C2AC0552B005CD02F /* LaunchAtLogin */ = {
			isa = XCSwiftPackageProductDependency;
			package = E77CD02B2AC0552B005CD02F /* XCRemoteSwiftPackageReference "LaunchAtLogin-Modern" */;
			productName = LaunchAtLogin;
		};
		E77CD0332AC06F64005CD02F /* KeychainSwift */ = {
			isa = XCSwiftPackageProductDependency;
			package = E77CD0322AC06F64005CD02F /* XCRemoteSwiftPackageReference "keychain-swift" */;
			productName = KeychainSwift;
		};
/* End XCSwiftPackageProductDependency section */
	};
	rootObject = E77CCFF12AC04893005CD02F /* Project object */;
}
